
Microsoft Visual Studio Solution File, Format Version 12.00
# Visual Studio Version 17
VisualStudioVersion = 17.2.32630.192
MinimumVisualStudioVersion = 10.0.40219.1
Project("{9A19103F-16F7-4668-BE54-9A1E7A4F7556}") = "R5T.F0095.Construction", "R5T.F0095.Construction\R5T.F0095.Construction.csproj", "{7CE4CBF2-634F-4906-90FD-D811E8E17CFE}"
EndProject
Project("{9A19103F-16F7-4668-BE54-9A1E7A4F7556}") = "R5T.F0095", "R5T.F0095\R5T.F0095.csproj", "{B852F719-49D1-4B55-B256-03C6F328A875}"
EndProject
Global
	GlobalSection(SolutionConfigurationPlatforms) = preSolution
		Debug|Any CPU = Debug|Any CPU
		Release|Any CPU = Release|Any CPU
	EndGlobalSection
	GlobalSection(ProjectConfigurationPlatforms) = postSolution
		{7CE4CBF2-634F-4906-90FD-D811E8E17CFE}.Debug|Any CPU.ActiveCfg = Debug|Any CPU
		{7CE4CBF2-634F-4906-90FD-D811E8E17CFE}.Debug|Any CPU.Build.0 = Debug|Any CPU
		{7CE4CBF2-634F-4906-90FD-D811E8E17CFE}.Release|Any CPU.ActiveCfg = Release|Any CPU
		{7CE4CBF2-634F-4906-90FD-D811E8E17CFE}.Release|Any CPU.Build.0 = Release|Any CPU
		{B852F719-49D1-4B55-B256-03C6F328A875}.Debug|Any CPU.ActiveCfg = Debug|Any CPU
		{B852F719-49D1-4B55-B256-03C6F328A875}.Debug|Any CPU.Build.0 = Debug|Any CPU
		{B852F719-49D1-4B55-B256-03C6F328A875}.Release|Any CPU.ActiveCfg = Release|Any CPU
		{B852F719-49D1-4B55-B256-03C6F328A875}.Release|Any CPU.Build.0 = Release|Any CPU
	EndGlobalSection
	GlobalSection(SolutionProperties) = preSolution
		HideSolutionNode = FALSE
	EndGlobalSection
	GlobalSection(ExtensibilityGlobals) = postSolution
		SolutionGuid = {AA828C9E-6CD2-4EED-B360-0D64697F37D4}
	EndGlobalSection
EndGlobal
